{
  "version": 4,
  "terraform_version": "1.5.7",
  "serial": 14,
  "lineage": "46ac6091-3caa-f993-f6b3-f583f7d65214",
  "outputs": {},
  "resources": [
    {
      "mode": "managed",
      "type": "aws_dynamodb_table",
      "name": "example",
      "provider": "provider[\"registry.terraform.io/hashicorp/aws\"]",
      "instances": [
        {
          "schema_version": 1,
          "attributes": {
            "arn": "arn:aws:dynamodb:us-west-1:452618475015:table/example-name",
            "attribute": [
              {
                "name": "exampleHashKey",
                "type": "S"
              }
            ],
            "billing_mode": "PROVISIONED",
            "deletion_protection_enabled": false,
            "global_secondary_index": [],
            "hash_key": "exampleHashKey",
            "id": "example-name",
            "local_secondary_index": [],
            "name": "example-name",
            "point_in_time_recovery": [
              {
                "enabled": false
              }
            ],
            "range_key": null,
            "read_capacity": 10,
            "replica": [],
            "restore_date_time": null,
            "restore_source_name": null,
            "restore_to_latest_time": null,
            "server_side_encryption": [],
            "stream_arn": "",
            "stream_enabled": false,
            "stream_label": "",
            "stream_view_type": "",
            "table_class": "STANDARD",
            "tags": null,
            "tags_all": {},
            "timeouts": null,
            "ttl": [
              {
                "attribute_name": "",
                "enabled": false
              }
            ],
            "write_capacity": 10
          },
          "sensitive_attributes": [],
          "private": "eyJlMmJmYjczMC1lY2FhLTExZTYtOGY4OC0zNDM2M2JjN2M0YzAiOnsiY3JlYXRlIjoxODAwMDAwMDAwMDAwLCJkZWxldGUiOjYwMDAwMDAwMDAwMCwidXBkYXRlIjozNjAwMDAwMDAwMDAwfSwic2NoZW1hX3ZlcnNpb24iOiIxIn0="
        }
      ]
    },
    {
      "mode": "managed",
      "type": "aws_dynamodb_table_item",
      "name": "example",
      "provider": "provider[\"registry.terraform.io/hashicorp/aws\"]",
      "instances": [
        {
          "schema_version": 0,
          "attributes": {
            "hash_key": "exampleHashKey",
            "id": "example-name|exampleHashKey||something|",
            "item": "{\n  \"exampleHashKey\": {\"S\": \"something\"},\n  \"one\": {\"N\": \"11111\"},\n  \"two\": {\"N\": \"22222\"},\n  \"three\": {\"N\": \"33333\"},\n  \"four\": {\"N\": \"44444\"}\n}\n",
            "range_key": null,
            "table_name": "example-name"
          },
          "sensitive_attributes": [],
          "private": "bnVsbA==",
          "dependencies": [
            "aws_dynamodb_table.example"
          ]
        }
      ]
    }
  ],
  "check_results": null
}
