{
  "version": 4,
  "terraform_version": "1.5.7",
  "serial": 13,
  "lineage": "df93e69c-6e8e-cd03-d235-c66735d50ee7",
  "outputs": {},
  "resources": [
    {
      "mode": "managed",
      "type": "github_repository",
      "name": "example",
      "provider": "provider[\"registry.terraform.io/hashicorp/github\"]",
      "instances": [
        {
          "schema_version": 1,
          "attributes": {
            "allow_auto_merge": false,
            "allow_merge_commit": true,
            "allow_rebase_merge": true,
            "allow_squash_merge": true,
            "allow_update_branch": false,
            "archive_on_destroy": null,
            "archived": false,
            "auto_init": true,
            "default_branch": "main",
            "delete_branch_on_merge": false,
            "description": "My first resource .",
            "etag": "W/\"e32020200095ca5cbe6404ca1915feb6b6d95b1e7326a66bba43e665b6210efa\"",
            "full_name": "sheikh-arman/terraform-practice",
            "git_clone_url": "git://github.com/sheikh-arman/terraform-practice.git",
            "gitignore_template": null,
            "has_discussions": false,
            "has_downloads": false,
            "has_issues": false,
            "has_projects": false,
            "has_wiki": false,
            "homepage_url": "",
            "html_url": "https://github.com/sheikh-arman/terraform-practice",
            "http_clone_url": "https://github.com/sheikh-arman/terraform-practice.git",
            "id": "terraform-practice",
            "ignore_vulnerability_alerts_during_read": null,
            "is_template": false,
            "license_template": null,
            "merge_commit_message": "PR_TITLE",
            "merge_commit_title": "MERGE_MESSAGE",
            "name": "terraform-practice",
            "node_id": "R_kgDOKV-c0A",
            "pages": [],
            "primary_language": "",
            "private": false,
            "repo_id": 694131920,
            "security_and_analysis": [
              {
                "advanced_security": [],
                "secret_scanning": [
                  {
                    "status": "disabled"
                  }
                ],
                "secret_scanning_push_protection": [
                  {
                    "status": "disabled"
                  }
                ]
              }
            ],
            "squash_merge_commit_message": "COMMIT_MESSAGES",
            "squash_merge_commit_title": "COMMIT_OR_PR_TITLE",
            "ssh_clone_url": "git@github.com:sheikh-arman/terraform-practice.git",
            "svn_url": "https://github.com/sheikh-arman/terraform-practice",
            "template": [],
            "topics": [],
            "visibility": "public",
            "vulnerability_alerts": false
          },
          "sensitive_attributes": [],
          "private": "eyJzY2hlbWFfdmVyc2lvbiI6IjEifQ=="
        }
      ]
    }
  ],
  "check_results": null
}
